// !$*UTF8*$!
{
	archiveVersion = 1;
	classes = {
	};
	objectVersion = 50;
	objects = {

/* Begin PBXBuildFile section */
		6A38B20922711C41008D601D /* AppDelegate.swift in Sources */ = {isa = PBXBuildFile; fileRef = 6A38B20822711C41008D601D /* AppDelegate.swift */; };
		6A38B20B22711C41008D601D /* ViewController.swift in Sources */ = {isa = PBXBuildFile; fileRef = 6A38B20A22711C41008D601D /* ViewController.swift */; };
		6A38B20E22711C41008D601D /* Main.storyboard in Resources */ = {isa = PBXBuildFile; fileRef = 6A38B20C22711C41008D601D /* Main.storyboard */; };
		6A38B21022711C45008D601D /* Assets.xcassets in Resources */ = {isa = PBXBuildFile; fileRef = 6A38B20F22711C45008D601D /* Assets.xcassets */; };
		6A38B21322711C45008D601D /* LaunchScreen.storyboard in Resources */ = {isa = PBXBuildFile; fileRef = 6A38B21122711C45008D601D /* LaunchScreen.storyboard */; };
		6A38B21E22711C45008D601D /* TechyCrosswordTests.swift in Sources */ = {isa = PBXBuildFile; fileRef = 6A38B21D22711C45008D601D /* TechyCrosswordTests.swift */; };
		6A38B22922711C45008D601D /* TechyCrosswordUITests.swift in Sources */ = {isa = PBXBuildFile; fileRef = 6A38B22822711C45008D601D /* TechyCrosswordUITests.swift */; };
		6A38B2372271208C008D601D /* circuit-circuit-board-resistor-computer-163100.jpeg in Resources */ = {isa = PBXBuildFile; fileRef = 6A38B2362271208B008D601D /* circuit-circuit-board-resistor-computer-163100.jpeg */; };
		6A38B239227122F6008D601D /* printed-circuit-board-print-plate-via-macro-159220.jpeg in Resources */ = {isa = PBXBuildFile; fileRef = 6A38B238227122F6008D601D /* printed-circuit-board-print-plate-via-macro-159220.jpeg */; };
		6A38B24122714ADC008D601D /* MainMenu.swift in Sources */ = {isa = PBXBuildFile; fileRef = 6A38B24022714ADC008D601D /* MainMenu.swift */; };
/* End PBXBuildFile section */

/* Begin PBXContainerItemProxy section */
		6A38B21A22711C45008D601D /* PBXContainerItemProxy */ = {
			isa = PBXContainerItemProxy;
			containerPortal = 6A38B1FD22711C40008D601D /* Project object */;
			proxyType = 1;
			remoteGlobalIDString = 6A38B20422711C41008D601D;
			remoteInfo = TechyCrossword;
		};
		6A38B22522711C45008D601D /* PBXContainerItemProxy */ = {
			isa = PBXContainerItemProxy;
			containerPortal = 6A38B1FD22711C40008D601D /* Project object */;
			proxyType = 1;
			remoteGlobalIDString = 6A38B20422711C41008D601D;
			remoteInfo = TechyCrossword;
		};
/* End PBXContainerItemProxy section */

/* Begin PBXFileReference section */
		6A38B20522711C41008D601D /* TechyCrossword.app */ = {isa = PBXFileReference; explicitFileType = wrapper.application; includeInIndex = 0; path = TechyCrossword.app; sourceTree = BUILT_PRODUCTS_DIR; };
		6A38B20822711C41008D601D /* AppDelegate.swift */ = {isa = PBXFileReference; lastKnownFileType = sourcecode.swift; path = AppDelegate.swift; sourceTree = "<group>"; };
		6A38B20A22711C41008D601D /* ViewController.swift */ = {isa = PBXFileReference; lastKnownFileType = sourcecode.swift; path = ViewController.swift; sourceTree = "<group>"; };
		6A38B20D22711C41008D601D /* Base */ = {isa = PBXFileReference; lastKnownFileType = file.storyboard; name = Base; path = Base.lproj/Main.storyboard; sourceTree = "<group>"; };
		6A38B20F22711C45008D601D /* Assets.xcassets */ = {isa = PBXFileReference; lastKnownFileType = folder.assetcatalog; path = Assets.xcassets; sourceTree = "<group>"; };
		6A38B21222711C45008D601D /* Base */ = {isa = PBXFileReference; lastKnownFileType = file.storyboard; name = Base; path = Base.lproj/LaunchScreen.storyboard; sourceTree = "<group>"; };
		6A38B21422711C45008D601D /* Info.plist */ = {isa = PBXFileReference; lastKnownFileType = text.plist.xml; path = Info.plist; sourceTree = "<group>"; };
		6A38B21922711C45008D601D /* TechyCrosswordTests.xctest */ = {isa = PBXFileReference; explicitFileType = wrapper.cfbundle; includeInIndex = 0; path = TechyCrosswordTests.xctest; sourceTree = BUILT_PRODUCTS_DIR; };
		6A38B21D22711C45008D601D /* TechyCrosswordTests.swift */ = {isa = PBXFileReference; lastKnownFileType = sourcecode.swift; path = TechyCrosswordTests.swift; sourceTree = "<group>"; };
		6A38B21F22711C45008D601D /* Info.plist */ = {isa = PBXFileReference; lastKnownFileType = text.plist.xml; path = Info.plist; sourceTree = "<group>"; };
		6A38B22422711C45008D601D /* TechyCrosswordUITests.xctest */ = {isa = PBXFileReference; explicitFileType = wrapper.cfbundle; includeInIndex = 0; path = TechyCrosswordUITests.xctest; sourceTree = BUILT_PRODUCTS_DIR; };
		6A38B22822711C45008D601D /* TechyCrosswordUITests.swift */ = {isa = PBXFileReference; lastKnownFileType = sourcecode.swift; path = TechyCrosswordUITests.swift; sourceTree = "<group>"; };
		6A38B22A22711C45008D601D /* Info.plist */ = {isa = PBXFileReference; lastKnownFileType = text.plist.xml; path = Info.plist; sourceTree = "<group>"; };
		6A38B2362271208B008D601D /* circuit-circuit-board-resistor-computer-163100.jpeg */ = {isa = PBXFileReference; lastKnownFileType = image.jpeg; name = "circuit-circuit-board-resistor-computer-163100.jpeg"; path = "Assets.xcassets/circuit-circuit-board-resistor-computer-163100.jpeg"; sourceTree = "<group>"; };
		6A38B238227122F6008D601D /* printed-circuit-board-print-plate-via-macro-159220.jpeg */ = {isa = PBXFileReference; lastKnownFileType = image.jpeg; name = "printed-circuit-board-print-plate-via-macro-159220.jpeg"; path = "Assets.xcassets/printed-circuit-board-print-plate-via-macro-159220.jpeg"; sourceTree = "<group>"; };
		6A38B24022714ADC008D601D /* MainMenu.swift */ = {isa = PBXFileReference; lastKnownFileType = sourcecode.swift; path = MainMenu.swift; sourceTree = "<group>"; };
/* End PBXFileReference section */

/* Begin PBXFrameworksBuildPhase section */
		6A38B20222711C41008D601D /* Frameworks */ = {
			isa = PBXFrameworksBuildPhase;
			buildActionMask = 2147483647;
			files = (
			);
			runOnlyForDeploymentPostprocessing = 0;
		};
		6A38B21622711C45008D601D /* Frameworks */ = {
			isa = PBXFrameworksBuildPhase;
			buildActionMask = 2147483647;
			files = (
			);
			runOnlyForDeploymentPostprocessing = 0;
		};
		6A38B22122711C45008D601D /* Frameworks */ = {
			isa = PBXFrameworksBuildPhase;
			buildActionMask = 2147483647;
			files = (
			);
			runOnlyForDeploymentPostprocessing = 0;
		};
/* End PBXFrameworksBuildPhase section */

/* Begin PBXGroup section */
		6A38B1FC22711C40008D601D = {
			isa = PBXGroup;
			children = (
				6A38B20722711C41008D601D /* TechyCrossword */,
				6A38B21C22711C45008D601D /* TechyCrosswordTests */,
				6A38B22722711C45008D601D /* TechyCrosswordUITests */,
				6A38B20622711C41008D601D /* Products */,
			);
			sourceTree = "<group>";
		};
		6A38B20622711C41008D601D /* Products */ = {
			isa = PBXGroup;
			children = (
				6A38B20522711C41008D601D /* TechyCrossword.app */,
				6A38B21922711C45008D601D /* TechyCrosswordTests.xctest */,
				6A38B22422711C45008D601D /* TechyCrosswordUITests.xctest */,
			);
			name = Products;
			sourceTree = "<group>";
		};
		6A38B20722711C41008D601D /* TechyCrossword */ = {
			isa = PBXGroup;
			children = (
				6A38B20822711C41008D601D /* AppDelegate.swift */,
				6A38B20A22711C41008D601D /* ViewController.swift */,
				6A38B24022714ADC008D601D /* MainMenu.swift */,
				6A38B20C22711C41008D601D /* Main.storyboard */,
				6A38B20F22711C45008D601D /* Assets.xcassets */,
				6A38B238227122F6008D601D /* printed-circuit-board-print-plate-via-macro-159220.jpeg */,
				6A38B2362271208B008D601D /* circuit-circuit-board-resistor-computer-163100.jpeg */,
				6A38B21122711C45008D601D /* LaunchScreen.storyboard */,
				6A38B21422711C45008D601D /* Info.plist */,
			);
			path = TechyCrossword;
			sourceTree = "<group>";
		};
		6A38B21C22711C45008D601D /* TechyCrosswordTests */ = {
			isa = PBXGroup;
			children = (
				6A38B21D22711C45008D601D /* TechyCrosswordTests.swift */,
				6A38B21F22711C45008D601D /* Info.plist */,
			);
			path = TechyCrosswordTests;
			sourceTree = "<group>";
		};
		6A38B22722711C45008D601D /* TechyCrosswordUITests */ = {
			isa = PBXGroup;
			children = (
				6A38B22822711C45008D601D /* TechyCrosswordUITests.swift */,
				6A38B22A22711C45008D601D /* Info.plist */,
			);
			path = TechyCrosswordUITests;
			sourceTree = "<group>";
		};
/* End PBXGroup section */

/* Begin PBXNativeTarget section */
		6A38B20422711C41008D601D /* TechyCrossword */ = {
			isa = PBXNativeTarget;
			buildConfigurationList = 6A38B22D22711C45008D601D /* Build configuration list for PBXNativeTarget "TechyCrossword" */;
			buildPhases = (
				6A38B20122711C41008D601D /* Sources */,
				6A38B20222711C41008D601D /* Frameworks */,
				6A38B20322711C41008D601D /* Resources */,
			);
			buildRules = (
			);
			dependencies = (
			);
			name = TechyCrossword;
			productName = TechyCrossword;
			productReference = 6A38B20522711C41008D601D /* TechyCrossword.app */;
			productType = "com.apple.product-type.application";
		};
		6A38B21822711C45008D601D /* TechyCrosswordTests */ = {
			isa = PBXNativeTarget;
			buildConfigurationList = 6A38B23022711C45008D601D /* Build configuration list for PBXNativeTarget "TechyCrosswordTests" */;
			buildPhases = (
				6A38B21522711C45008D601D /* Sources */,
				6A38B21622711C45008D601D /* Frameworks */,
				6A38B21722711C45008D601D /* Resources */,
			);
			buildRules = (
			);
			dependencies = (
				6A38B21B22711C45008D601D /* PBXTargetDependency */,
			);
			name = TechyCrosswordTests;
			productName = TechyCrosswordTests;
			productReference = 6A38B21922711C45008D601D /* TechyCrosswordTests.xctest */;
			productType = "com.apple.product-type.bundle.unit-test";
		};
		6A38B22322711C45008D601D /* TechyCrosswordUITests */ = {
			isa = PBXNativeTarget;
			buildConfigurationList = 6A38B23322711C45008D601D /* Build configuration list for PBXNativeTarget "TechyCrosswordUITests" */;
			buildPhases = (
				6A38B22022711C45008D601D /* Sources */,
				6A38B22122711C45008D601D /* Frameworks */,
				6A38B22222711C45008D601D /* Resources */,
			);
			buildRules = (
			);
			dependencies = (
				6A38B22622711C45008D601D /* PBXTargetDependency */,
			);
			name = TechyCrosswordUITests;
			productName = TechyCrosswordUITests;
			productReference = 6A38B22422711C45008D601D /* TechyCrosswordUITests.xctest */;
			productType = "com.apple.product-type.bundle.ui-testing";
		};
/* End PBXNativeTarget section */

/* Begin PBXProject section */
		6A38B1FD22711C40008D601D /* Project object */ = {
			isa = PBXProject;
			attributes = {
				LastSwiftUpdateCheck = 1020;
				LastUpgradeCheck = 1020;
				ORGANIZATIONNAME = "Juan Vargas";
				TargetAttributes = {
					6A38B20422711C41008D601D = {
						CreatedOnToolsVersion = 10.2.1;
					};
					6A38B21822711C45008D601D = {
						CreatedOnToolsVersion = 10.2.1;
						TestTargetID = 6A38B20422711C41008D601D;
					};
					6A38B22322711C45008D601D = {
						CreatedOnToolsVersion = 10.2.1;
						TestTargetID = 6A38B20422711C41008D601D;
					};
				};
			};
			buildConfigurationList = 6A38B20022711C40008D601D /* Build configuration list for PBXProject "TechyCrossword" */;
			compatibilityVersion = "Xcode 9.3";
			developmentRegion = en;
			hasScannedForEncodings = 0;
			knownRegions = (
				en,
				Base,
			);
			mainGroup = 6A38B1FC22711C40008D601D;
			productRefGroup = 6A38B20622711C41008D601D /* Products */;
			projectDirPath = "";
			projectRoot = "";
			targets = (
				6A38B20422711C41008D601D /* TechyCrossword */,
				6A38B21822711C45008D601D /* TechyCrosswordTests */,
				6A38B22322711C45008D601D /* TechyCrosswordUITests */,
			);
		};
/* End PBXProject section */

/* Begin PBXResourcesBuildPhase section */
		6A38B20322711C41008D601D /* Resources */ = {
			isa = PBXResourcesBuildPhase;
			buildActionMask = 2147483647;
			files = (
				6A38B239227122F6008D601D /* printed-circuit-board-print-plate-via-macro-159220.jpeg in Resources */,
				6A38B21322711C45008D601D /* LaunchScreen.storyboard in Resources */,
				6A38B21022711C45008D601D /* Assets.xcassets in Resources */,
				6A38B20E22711C41008D601D /* Main.storyboard in Resources */,
				6A38B2372271208C008D601D /* circuit-circuit-board-resistor-computer-163100.jpeg in Resources */,
			);
			runOnlyForDeploymentPostprocessing = 0;
		};
		6A38B21722711C45008D601D /* Resources */ = {
			isa = PBXResourcesBuildPhase;
			buildActionMask = 2147483647;
			files = (
			);
			runOnlyForDeploymentPostprocessing = 0;
		};
		6A38B22222711C45008D601D /* Resources */ = {
			isa = PBXResourcesBuildPhase;
			buildActionMask = 2147483647;
			files = (
			);
			runOnlyForDeploymentPostprocessing = 0;
		};
/* End PBXResourcesBuildPhase section */

/* Begin PBXSourcesBuildPhase section */
		6A38B20122711C41008D601D /* Sources */ = {
			isa = PBXSourcesBuildPhase;
			buildActionMask = 2147483647;
			files = (
				6A38B20B22711C41008D601D /* ViewController.swift in Sources */,
				6A38B20922711C41008D601D /* AppDelegate.swift in Sources */,
				6A38B24122714ADC008D601D /* MainMenu.swift in Sources */,
			);
			runOnlyForDeploymentPostprocessing = 0;
		};
		6A38B21522711C45008D601D /* Sources */ = {
			isa = PBXSourcesBuildPhase;
			buildActionMask = 2147483647;
			files = (
				6A38B21E22711C45008D601D /* TechyCrosswordTests.swift in Sources */,
			);
			runOnlyForDeploymentPostprocessing = 0;
		};
		6A38B22022711C45008D601D /* Sources */ = {
			isa = PBXSourcesBuildPhase;
			buildActionMask = 2147483647;
			files = (
				6A38B22922711C45008D601D /* TechyCrosswordUITests.swift in Sources */,
			);
			runOnlyForDeploymentPostprocessing = 0;
		};
/* End PBXSourcesBuildPhase section */

/* Begin PBXTargetDependency section */
		6A38B21B22711C45008D601D /* PBXTargetDependency */ = {
			isa = PBXTargetDependency;
			target = 6A38B20422711C41008D601D /* TechyCrossword */;
			targetProxy = 6A38B21A22711C45008D601D /* PBXContainerItemProxy */;
		};
		6A38B22622711C45008D601D /* PBXTargetDependency */ = {
			isa = PBXTargetDependency;
			target = 6A38B20422711C41008D601D /* TechyCrossword */;
			targetProxy = 6A38B22522711C45008D601D /* PBXContainerItemProxy */;
		};
/* End PBXTargetDependency section */

/* Begin PBXVariantGroup section */
		6A38B20C22711C41008D601D /* Main.storyboard */ = {
			isa = PBXVariantGroup;
			children = (
				6A38B20D22711C41008D601D /* Base */,
			);
			name = Main.storyboard;
			sourceTree = "<group>";
		};
		6A38B21122711C45008D601D /* LaunchScreen.storyboard */ = {
			isa = PBXVariantGroup;
			children = (
				6A38B21222711C45008D601D /* Base */,
			);
			name = LaunchScreen.storyboard;
			sourceTree = "<group>";
		};
/* End PBXVariantGroup section */

/* Begin XCBuildConfiguration section */
		6A38B22B22711C45008D601D /* Debug */ = {
			isa = XCBuildConfiguration;
			buildSettings = {
				ALWAYS_SEARCH_USER_PATHS = NO;
				CLANG_ANALYZER_NONNULL = YES;
				CLANG_ANALYZER_NUMBER_OBJECT_CONVERSION = YES_AGGRESSIVE;
				CLANG_CXX_LANGUAGE_STANDARD = "gnu++14";
				CLANG_CXX_LIBRARY = "libc++";
				CLANG_ENABLE_MODULES = YES;
				CLANG_ENABLE_OBJC_ARC = YES;
				CLANG_ENABLE_OBJC_WEAK = YES;
				CLANG_WARN_BLOCK_CAPTURE_AUTORELEASING = YES;
				CLANG_WARN_BOOL_CONVERSION = YES;
				CLANG_WARN_COMMA = YES;
				CLANG_WARN_CONSTANT_CONVERSION = YES;
				CLANG_WARN_DEPRECATED_OBJC_IMPLEMENTATIONS = YES;
				CLANG_WARN_DIRECT_OBJC_ISA_USAGE = YES_ERROR;
				CLANG_WARN_DOCUMENTATION_COMMENTS = YES;
				CLANG_WARN_EMPTY_BODY = YES;
				CLANG_WARN_ENUM_CONVERSION = YES;
				CLANG_WARN_INFINITE_RECURSION = YES;
				CLANG_WARN_INT_CONVERSION = YES;
				CLANG_WARN_NON_LITERAL_NULL_CONVERSION = YES;
				CLANG_WARN_OBJC_IMPLICIT_RETAIN_SELF = YES;
				CLANG_WARN_OBJC_LITERAL_CONVERSION = YES;
				CLANG_WARN_OBJC_ROOT_CLASS = YES_ERROR;
				CLANG_WARN_RANGE_LOOP_ANALYSIS = YES;
				CLANG_WARN_STRICT_PROTOTYPES = YES;
				CLANG_WARN_SUSPICIOUS_MOVE = YES;
				CLANG_WARN_UNGUARDED_AVAILABILITY = YES_AGGRESSIVE;
				CLANG_WARN_UNREACHABLE_CODE = YES;
				CLANG_WARN__DUPLICATE_METHOD_MATCH = YES;
				CODE_SIGN_IDENTITY = "iPhone Developer";
				COPY_PHASE_STRIP = NO;
				DEBUG_INFORMATION_FORMAT = dwarf;
				ENABLE_STRICT_OBJC_MSGSEND = YES;
				ENABLE_TESTABILITY = YES;
				GCC_C_LANGUAGE_STANDARD = gnu11;
				GCC_DYNAMIC_NO_PIC = NO;
				GCC_NO_COMMON_BLOCKS = YES;
				GCC_OPTIMIZATION_LEVEL = 0;
				GCC_PREPROCESSOR_DEFINITIONS = (
					"DEBUG=1",
					"$(inherited)",
				);
				GCC_WARN_64_TO_32_BIT_CONVERSION = YES;
				GCC_WARN_ABOUT_RETURN_TYPE = YES_ERROR;
				GCC_WARN_UNDECLARED_SELECTOR = YES;
				GCC_WARN_UNINITIALIZED_AUTOS = YES_AGGRESSIVE;
				GCC_WARN_UNUSED_FUNCTION = YES;
				GCC_WARN_UNUSED_VARIABLE = YES;
				IPHONEOS_DEPLOYMENT_TARGET = 12.2;
				MTL_ENABLE_DEBUG_INFO = INCLUDE_SOURCE;
				MTL_FAST_MATH = YES;
				ONLY_ACTIVE_ARCH = YES;
				SDKROOT = iphoneos;
				SWIFT_ACTIVE_COMPILATION_CONDITIONS = DEBUG;
				SWIFT_OPTIMIZATION_LEVEL = "-Onone";
			};
			name = Debug;
		};
		6A38B22C22711C45008D601D /* Release */ = {
			isa = XCBuildConfiguration;
			buildSettings = {
				ALWAYS_SEARCH_USER_PATHS = NO;
				CLANG_ANALYZER_NONNULL = YES;
				CLANG_ANALYZER_NUMBER_OBJECT_CONVERSION = YES_AGGRESSIVE;
				CLANG_CXX_LANGUAGE_STANDARD = "gnu++14";
				CLANG_CXX_LIBRARY = "libc++";
				CLANG_ENABLE_MODULES = YES;
				CLANG_ENABLE_OBJC_ARC = YES;
				CLANG_ENABLE_OBJC_WEAK = YES;
				CLANG_WARN_BLOCK_CAPTURE_AUTORELEASING = YES;
				CLANG_WARN_BOOL_CONVERSION = YES;
				CLANG_WARN_COMMA = YES;
				CLANG_WARN_CONSTANT_CONVERSION = YES;
				CLANG_WARN_DEPRECATED_OBJC_IMPLEMENTATIONS = YES;
				CLANG_WARN_DIRECT_OBJC_ISA_USAGE = YES_ERROR;
				CLANG_WARN_DOCUMENTATION_COMMENTS = YES;
				CLANG_WARN_EMPTY_BODY = YES;
				CLANG_WARN_ENUM_CONVERSION = YES;
				CLANG_WARN_INFINITE_RECURSION = YES;
				CLANG_WARN_INT_CONVERSION = YES;
				CLANG_WARN_NON_LITERAL_NULL_CONVERSION = YES;
				CLANG_WARN_OBJC_IMPLICIT_RETAIN_SELF = YES;
				CLANG_WARN_OBJC_LITERAL_CONVERSION = YES;
				CLANG_WARN_OBJC_ROOT_CLASS = YES_ERROR;
				CLANG_WARN_RANGE_LOOP_ANALYSIS = YES;
				CLANG_WARN_STRICT_PROTOTYPES = YES;
				CLANG_WARN_SUSPICIOUS_MOVE = YES;
				CLANG_WARN_UNGUARDED_AVAILABILITY = YES_AGGRESSIVE;
				CLANG_WARN_UNREACHABLE_CODE = YES;
				CLANG_WARN__DUPLICATE_METHOD_MATCH = YES;
				CODE_SIGN_IDENTITY = "iPhone Developer";
				COPY_PHASE_STRIP = NO;
				DEBUG_INFORMATION_FORMAT = "dwarf-with-dsym";
				ENABLE_NS_ASSERTIONS = NO;
				ENABLE_STRICT_OBJC_MSGSEND = YES;
				GCC_C_LANGUAGE_STANDARD = gnu11;
				GCC_NO_COMMON_BLOCKS = YES;
				GCC_WARN_64_TO_32_BIT_CONVERSION = YES;
				GCC_WARN_ABOUT_RETURN_TYPE = YES_ERROR;
				GCC_WARN_UNDECLARED_SELECTOR = YES;
				GCC_WARN_UNINITIALIZED_AUTOS = YES_AGGRESSIVE;
				GCC_WARN_UNUSED_FUNCTION = YES;
				GCC_WARN_UNUSED_VARIABLE = YES;
				IPHONEOS_DEPLOYMENT_TARGET = 12.2;
				MTL_ENABLE_DEBUG_INFO = NO;
				MTL_FAST_MATH = YES;
				SDKROOT = iphoneos;
				SWIFT_COMPILATION_MODE = wholemodule;
				SWIFT_OPTIMIZATION_LEVEL = "-O";
				VALIDATE_PRODUCT = YES;
			};
			name = Release;
		};
		6A38B22E22711C45008D601D /* Debug */ = {
			isa = XCBuildConfiguration;
			buildSettings = {
				ASSETCATALOG_COMPILER_APPICON_NAME = AppIcon;
				CODE_SIGN_STYLE = Automatic;
				DEVELOPMENT_TEAM = 9PF5555NR9;
				INFOPLIST_FILE = TechyCrossword/Info.plist;
				LD_RUNPATH_SEARCH_PATHS = (
					"$(inherited)",
					"@executable_path/Frameworks",
				);
				PRODUCT_BUNDLE_IDENTIFIER = com.juanvargas.TechyCrossword;
				PRODUCT_NAME = "$(TARGET_NAME)";
				SWIFT_VERSION = 5.0;
				TARGETED_DEVICE_FAMILY = "1,2";
			};
			name = Debug;
		};
		6A38B22F22711C45008D601D /* Release */ = {
			isa = XCBuildConfiguration;
			buildSettings = {
				ASSETCATALOG_COMPILER_APPICON_NAME = AppIcon;
				CODE_SIGN_STYLE = Automatic;
				DEVELOPMENT_TEAM = 9PF5555NR9;
				INFOPLIST_FILE = TechyCrossword/Info.plist;
				LD_RUNPATH_SEARCH_PATHS = (
					"$(inherited)",
					"@executable_path/Frameworks",
				);
				PRODUCT_BUNDLE_IDENTIFIER = com.juanvargas.TechyCrossword;
				PRODUCT_NAME = "$(TARGET_NAME)";
				SWIFT_VERSION = 5.0;
				TARGETED_DEVICE_FAMILY = "1,2";
			};
			name = Release;
		};
		6A38B23122711C45008D601D /* Debug */ = {
			isa = XCBuildConfiguration;
			buildSettings = {
				ALWAYS_EMBED_SWIFT_STANDARD_LIBRARIES = YES;
				BUNDLE_LOADER = "$(TEST_HOST)";
				CODE_SIGN_STYLE = Automatic;
				DEVELOPMENT_TEAM = 9PF5555NR9;
				INFOPLIST_FILE = TechyCrosswordTests/Info.plist;
				LD_RUNPATH_SEARCH_PATHS = (
					"$(inherited)",
					"@executable_path/Frameworks",
					"@loader_path/Frameworks",
				);
				PRODUCT_BUNDLE_IDENTIFIER = com.juanvargas.TechyCrosswordTests;
				PRODUCT_NAME = "$(TARGET_NAME)";
				SWIFT_VERSION = 5.0;
				TARGETED_DEVICE_FAMILY = "1,2";
				TEST_HOST = "$(BUILT_PRODUCTS_DIR)/TechyCrossword.app/TechyCrossword";
			};
			name = Debug;
		};
		6A38B23222711C45008D601D /* Release */ = {
			isa = XCBuildConfiguration;
			buildSettings = {
				ALWAYS_EMBED_SWIFT_STANDARD_LIBRARIES = YES;
				BUNDLE_LOADER = "$(TEST_HOST)";
				CODE_SIGN_STYLE = Automatic;
				DEVELOPMENT_TEAM = 9PF5555NR9;
				INFOPLIST_FILE = TechyCrosswordTests/Info.plist;
				LD_RUNPATH_SEARCH_PATHS = (
					"$(inherited)",
					"@executable_path/Frameworks",
					"@loader_path/Frameworks",
				);
				PRODUCT_BUNDLE_IDENTIFIER = com.juanvargas.TechyCrosswordTests;
				PRODUCT_NAME = "$(TARGET_NAME)";
				SWIFT_VERSION = 5.0;
				TARGETED_DEVICE_FAMILY = "1,2";
				TEST_HOST = "$(BUILT_PRODUCTS_DIR)/TechyCrossword.app/TechyCrossword";
			};
			name = Release;
		};
		6A38B23422711C45008D601D /* Debug */ = {
			isa = XCBuildConfiguration;
			buildSettings = {
				ALWAYS_EMBED_SWIFT_STANDARD_LIBRARIES = YES;
				CODE_SIGN_STYLE = Automatic;
				DEVELOPMENT_TEAM = 9PF5555NR9;
				INFOPLIST_FILE = TechyCrosswordUITests/Info.plist;
				LD_RUNPATH_SEARCH_PATHS = (
					"$(inherited)",
					"@executable_path/Frameworks",
					"@loader_path/Frameworks",
				);
				PRODUCT_BUNDLE_IDENTIFIER = com.juanvargas.TechyCrosswordUITests;
				PRODUCT_NAME = "$(TARGET_NAME)";
				SWIFT_VERSION = 5.0;
				TARGETED_DEVICE_FAMILY = "1,2";
				TEST_TARGET_NAME = TechyCrossword;
			};
			name = Debug;
		};
		6A38B23522711C45008D601D /* Release */ = {
			isa = XCBuildConfiguration;
			buildSettings = {
				ALWAYS_EMBED_SWIFT_STANDARD_LIBRARIES = YES;
				CODE_SIGN_STYLE = Automatic;
				DEVELOPMENT_TEAM = 9PF5555NR9;
				INFOPLIST_FILE = TechyCrosswordUITests/Info.plist;
				LD_RUNPATH_SEARCH_PATHS = (
					"$(inherited)",
					"@executable_path/Frameworks",
					"@loader_path/Frameworks",
				);
				PRODUCT_BUNDLE_IDENTIFIER = com.juanvargas.TechyCrosswordUITests;
				PRODUCT_NAME = "$(TARGET_NAME)";
				SWIFT_VERSION = 5.0;
				TARGETED_DEVICE_FAMILY = "1,2";
				TEST_TARGET_NAME = TechyCrossword;
			};
			name = Release;
		};
/* End XCBuildConfiguration section */

/* Begin XCConfigurationList section */
		6A38B20022711C40008D601D /* Build configuration list for PBXProject "TechyCrossword" */ = {
			isa = XCConfigurationList;
			buildConfigurations = (
				6A38B22B22711C45008D601D /* Debug */,
				6A38B22C22711C45008D601D /* Release */,
			);
			defaultConfigurationIsVisible = 0;
			defaultConfigurationName = Release;
		};
		6A38B22D22711C45008D601D /* Build configuration list for PBXNativeTarget "TechyCrossword" */ = {
			isa = XCConfigurationList;
			buildConfigurations = (
				6A38B22E22711C45008D601D /* Debug */,
				6A38B22F22711C45008D601D /* Release */,
			);
			defaultConfigurationIsVisible = 0;
			defaultConfigurationName = Release;
		};
		6A38B23022711C45008D601D /* Build configuration list for PBXNativeTarget "TechyCrosswordTests" */ = {
			isa = XCConfigurationList;
			buildConfigurations = (
				6A38B23122711C45008D601D /* Debug */,
				6A38B23222711C45008D601D /* Release */,
			);
			defaultConfigurationIsVisible = 0;
			defaultConfigurationName = Release;
		};
		6A38B23322711C45008D601D /* Build configuration list for PBXNativeTarget "TechyCrosswordUITests" */ = {
			isa = XCConfigurationList;
			buildConfigurations = (
				6A38B23422711C45008D601D /* Debug */,
				6A38B23522711C45008D601D /* Release */,
			);
			defaultConfigurationIsVisible = 0;
			defaultConfigurationName = Release;
		};
/* End XCConfigurationList section */
	};
	rootObject = 6A38B1FD22711C40008D601D /* Project object */;
}
